
Microsoft Visual Studio Solution File, Format Version 12.00
# Visual Studio Version 17
VisualStudioVersion = 17.14.36109.1 d17.14
MinimumVisualStudioVersion = 10.0.40219.1
Project("{FAE04EC0-301F-11D3-BF4B-00C04F79EFBC}") = "SosyalMedyaEngelleyici", "SosyalMedyaEngelleyici.csproj", "{C151F057-EB8E-4184-BF91-AAF9A73ACB8E}"
EndProject
Global
	GlobalSection(SolutionConfigurationPlatforms) = preSolution
		Debug|Any CPU = Debug|Any CPU
		Release|Any CPU = Release|Any CPU
	EndGlobalSection
	GlobalSection(ProjectConfigurationPlatforms) = postSolution
		{C151F057-EB8E-4184-BF91-AAF9A73ACB8E}.Debug|Any CPU.ActiveCfg = Debug|Any CPU
		{C151F057-EB8E-4184-BF91-AAF9A73ACB8E}.Debug|Any CPU.Build.0 = Debug|Any CPU
		{C151F057-EB8E-4184-BF91-AAF9A73ACB8E}.Release|Any CPU.ActiveCfg = Release|Any CPU
		{C151F057-EB8E-4184-BF91-AAF9A73ACB8E}.Release|Any CPU.Build.0 = Release|Any CPU
	EndGlobalSection
	GlobalSection(SolutionProperties) = preSolution
		HideSolutionNode = FALSE
	EndGlobalSection
	GlobalSection(ExtensibilityGlobals) = postSolution
		SolutionGuid = {33BDDAC4-6621-4666-8DE3-062346A6FF3C}
	EndGlobalSection
EndGlobal
